// !$*UTF8*$!
{
	archiveVersion = 1;
	classes = {
	};
	objectVersion = 46;
	objects = {

/* Begin PBXBuildFile section */
		1E64B3831E14AD980011E2FC /* AddressViewController.m in Sources */ = {isa = PBXBuildFile; fileRef = 1E64B34F1E14AD980011E2FC /* AddressViewController.m */; };
		1E64B3841E14AD980011E2FC /* AddressBookCell.m in Sources */ = {isa = PBXBuildFile; fileRef = 1E64B3531E14AD980011E2FC /* AddressBookCell.m */; };
		1E64B3851E14AD980011E2FC /* ChatViewController.m in Sources */ = {isa = PBXBuildFile; fileRef = 1E64B3581E14AD980011E2FC /* ChatViewController.m */; };
		1E64B3861E14AD980011E2FC /* ConversationCell.m in Sources */ = {isa = PBXBuildFile; fileRef = 1E64B35C1E14AD980011E2FC /* ConversationCell.m */; };
		1E64B3871E14AD980011E2FC /* SearchCell.m in Sources */ = {isa = PBXBuildFile; fileRef = 1E64B35E1E14AD980011E2FC /* SearchCell.m */; };
		1E64B3881E14AD980011E2FC /* WZXSearchBar.m in Sources */ = {isa = PBXBuildFile; fileRef = 1E64B3601E14AD980011E2FC /* WZXSearchBar.m */; };
		1E64B3891E14AD980011E2FC /* FoundViewController.m in Sources */ = {isa = PBXBuildFile; fileRef = 1E64B3651E14AD980011E2FC /* FoundViewController.m */; };
		1E64B38A1E14AD980011E2FC /* LoginViewController.m in Sources */ = {isa = PBXBuildFile; fileRef = 1E64B36C1E14AD980011E2FC /* LoginViewController.m */; };
		1E64B38B1E14AD980011E2FC /* RegisterViewController.m in Sources */ = {isa = PBXBuildFile; fileRef = 1E64B36E1E14AD980011E2FC /* RegisterViewController.m */; };
		1E64B38C1E14AD980011E2FC /* RootViewController.m in Sources */ = {isa = PBXBuildFile; fileRef = 1E64B3701E14AD980011E2FC /* RootViewController.m */; };
		1E64B38D1E14AD980011E2FC /* TabBarController.m in Sources */ = {isa = PBXBuildFile; fileRef = 1E64B3721E14AD980011E2FC /* TabBarController.m */; };
		1E64B38E1E14AD980011E2FC /* LoginContentView.m in Sources */ = {isa = PBXBuildFile; fileRef = 1E64B3761E14AD980011E2FC /* LoginContentView.m */; };
		1E64B38F1E14AD980011E2FC /* RegisterContentView.m in Sources */ = {isa = PBXBuildFile; fileRef = 1E64B3781E14AD980011E2FC /* RegisterContentView.m */; };
		1E64B3901E14AD980011E2FC /* SettingViewController.m in Sources */ = {isa = PBXBuildFile; fileRef = 1E64B37D1E14AD980011E2FC /* SettingViewController.m */; };
		1E64B3911E14AD980011E2FC /* MeCell.m in Sources */ = {isa = PBXBuildFile; fileRef = 1E64B3811E14AD980011E2FC /* MeCell.m */; };
		1E64B3941E14ADAE0011E2FC /* AddressBookModel.m in Sources */ = {isa = PBXBuildFile; fileRef = 1E64B3931E14ADAE0011E2FC /* AddressBookModel.m */; };
		1E64B3971E14B78E0011E2FC /* ConversationModel.m in Sources */ = {isa = PBXBuildFile; fileRef = 1E64B3961E14B78E0011E2FC /* ConversationModel.m */; };
		1E64B39A1E14DB8E0011E2FC /* AddressCell.m in Sources */ = {isa = PBXBuildFile; fileRef = 1E64B3991E14DB8E0011E2FC /* AddressCell.m */; };
		1E64B39D1E14E0410011E2FC /* SearchViewController.m in Sources */ = {isa = PBXBuildFile; fileRef = 1E64B39C1E14E0410011E2FC /* SearchViewController.m */; };
		1E64B3A31E14FF4B0011E2FC /* ChatDetailViewController.m in Sources */ = {isa = PBXBuildFile; fileRef = 1E64B3A21E14FF4B0011E2FC /* ChatDetailViewController.m */; };
		1E64BC741E13A73A004DE2B3 /* AppDelegate.m in Sources */ = {isa = PBXBuildFile; fileRef = 1E64BC1A1E13A73A004DE2B3 /* AppDelegate.m */; };
		1E64BC751E13A73A004DE2B3 /* BaseViewController.m in Sources */ = {isa = PBXBuildFile; fileRef = 1E64BC1D1E13A73A004DE2B3 /* BaseViewController.m */; };
		1E64BC761E13A73A004DE2B3 /* KeyChain.m in Sources */ = {isa = PBXBuildFile; fileRef = 1E64BC231E13A73A004DE2B3 /* KeyChain.m */; };
		1E64BC771E13A73A004DE2B3 /* WDUtilMethod.m in Sources */ = {isa = PBXBuildFile; fileRef = 1E64BC271E13A73A004DE2B3 /* WDUtilMethod.m */; };
		1E64BC801E13A73A004DE2B3 /* Assets.xcassets in Resources */ = {isa = PBXBuildFile; fileRef = 1E64BC531E13A73A004DE2B3 /* Assets.xcassets */; };
		1E64BC811E13A73A004DE2B3 /* LaunchScreen.storyboard in Resources */ = {isa = PBXBuildFile; fileRef = 1E64BC541E13A73A004DE2B3 /* LaunchScreen.storyboard */; };
		1E64BC831E13A73A004DE2B3 /* main.m in Sources */ = {isa = PBXBuildFile; fileRef = 1E64BC571E13A73A004DE2B3 /* main.m */; };
		1E64BC841E13A73A004DE2B3 /* MASCompositeConstraint.m in Sources */ = {isa = PBXBuildFile; fileRef = 1E64BC5C1E13A73A004DE2B3 /* MASCompositeConstraint.m */; };
		1E64BC851E13A73A004DE2B3 /* MASConstraint.m in Sources */ = {isa = PBXBuildFile; fileRef = 1E64BC5F1E13A73A004DE2B3 /* MASConstraint.m */; };
		1E64BC861E13A73A004DE2B3 /* MASConstraintMaker.m in Sources */ = {isa = PBXBuildFile; fileRef = 1E64BC611E13A73A004DE2B3 /* MASConstraintMaker.m */; };
		1E64BC871E13A73A004DE2B3 /* MASLayoutConstraint.m in Sources */ = {isa = PBXBuildFile; fileRef = 1E64BC631E13A73A004DE2B3 /* MASLayoutConstraint.m */; };
		1E64BC881E13A73A004DE2B3 /* MASViewAttribute.m in Sources */ = {isa = PBXBuildFile; fileRef = 1E64BC671E13A73A004DE2B3 /* MASViewAttribute.m */; };
		1E64BC891E13A73A004DE2B3 /* MASViewConstraint.m in Sources */ = {isa = PBXBuildFile; fileRef = 1E64BC691E13A73A004DE2B3 /* MASViewConstraint.m */; };
		1E64BC8A1E13A73A004DE2B3 /* NSArray+MASAdditions.m in Sources */ = {isa = PBXBuildFile; fileRef = 1E64BC6B1E13A73A004DE2B3 /* NSArray+MASAdditions.m */; };
		1E64BC8B1E13A73A004DE2B3 /* NSLayoutConstraint+MASDebugAdditions.m in Sources */ = {isa = PBXBuildFile; fileRef = 1E64BC6E1E13A73A004DE2B3 /* NSLayoutConstraint+MASDebugAdditions.m */; };
		1E64BC8C1E13A73A004DE2B3 /* View+MASAdditions.m in Sources */ = {isa = PBXBuildFile; fileRef = 1E64BC701E13A73A004DE2B3 /* View+MASAdditions.m */; };
		1E64BC8D1E13A73A004DE2B3 /* ViewController+MASAdditions.m in Sources */ = {isa = PBXBuildFile; fileRef = 1E64BC731E13A73A004DE2B3 /* ViewController+MASAdditions.m */; };
		1E64BC931E13AC9B004DE2B3 /* ThridPartService.m in Sources */ = {isa = PBXBuildFile; fileRef = 1E64BC921E13AC9B004DE2B3 /* ThridPartService.m */; };
		1E64BC9A1E13B2C9004DE2B3 /* UIView+Extension.m in Sources */ = {isa = PBXBuildFile; fileRef = 1E64BC991E13B2C9004DE2B3 /* UIView+Extension.m */; };
		1E64BC9F1E13B316004DE2B3 /* UIView+WZXLines.m in Sources */ = {isa = PBXBuildFile; fileRef = 1E64BC9D1E13B316004DE2B3 /* UIView+WZXLines.m */; };
		1E64BCB21E13BF04004DE2B3 /* UIColor+Extension.m in Sources */ = {isa = PBXBuildFile; fileRef = 1E64BCB11E13BF04004DE2B3 /* UIColor+Extension.m */; };
		1EBEBC701E2CA07B009E3333 /* ChatBoxViewController.m in Sources */ = {isa = PBXBuildFile; fileRef = 1EBEBC6F1E2CA07B009E3333 /* ChatBoxViewController.m */; };
		1EBEBC731E2CA19B009E3333 /* ChatCell.m in Sources */ = {isa = PBXBuildFile; fileRef = 1EBEBC721E2CA19B009E3333 /* ChatCell.m */; };
		1EBEBC761E2CA1D2009E3333 /* MessageModel.m in Sources */ = {isa = PBXBuildFile; fileRef = 1EBEBC751E2CA1D2009E3333 /* MessageModel.m */; };
/* End PBXBuildFile section */

/* Begin PBXFileReference section */
		1E64B34E1E14AD980011E2FC /* AddressViewController.h */ = {isa = PBXFileReference; fileEncoding = 4; lastKnownFileType = sourcecode.c.h; path = AddressViewController.h; sourceTree = "<group>"; };
		1E64B34F1E14AD980011E2FC /* AddressViewController.m */ = {isa = PBXFileReference; fileEncoding = 4; lastKnownFileType = sourcecode.c.objc; path = AddressViewController.m; sourceTree = "<group>"; };
		1E64B3521E14AD980011E2FC /* AddressBookCell.h */ = {isa = PBXFileReference; fileEncoding = 4; lastKnownFileType = sourcecode.c.h; path = AddressBookCell.h; sourceTree = "<group>"; };
		1E64B3531E14AD980011E2FC /* AddressBookCell.m */ = {isa = PBXFileReference; fileEncoding = 4; lastKnownFileType = sourcecode.c.objc; path = AddressBookCell.m; sourceTree = "<group>"; };
		1E64B3571E14AD980011E2FC /* ChatViewController.h */ = {isa = PBXFileReference; fileEncoding = 4; lastKnownFileType = sourcecode.c.h; path = ChatViewController.h; sourceTree = "<group>"; };
		1E64B3581E14AD980011E2FC /* ChatViewController.m */ = {isa = PBXFileReference; fileEncoding = 4; lastKnownFileType = sourcecode.c.objc; path = ChatViewController.m; sourceTree = "<group>"; };
		1E64B35B1E14AD980011E2FC /* ConversationCell.h */ = {isa = PBXFileReference; fileEncoding = 4; lastKnownFileType = sourcecode.c.h; path = ConversationCell.h; sourceTree = "<group>"; };
		1E64B35C1E14AD980011E2FC /* ConversationCell.m */ = {isa = PBXFileReference; fileEncoding = 4; lastKnownFileType = sourcecode.c.objc; path = ConversationCell.m; sourceTree = "<group>"; };
		1E64B35D1E14AD980011E2FC /* SearchCell.h */ = {isa = PBXFileReference; fileEncoding = 4; lastKnownFileType = sourcecode.c.h; path = SearchCell.h; sourceTree = "<group>"; };
		1E64B35E1E14AD980011E2FC /* SearchCell.m */ = {isa = PBXFileReference; fileEncoding = 4; lastKnownFileType = sourcecode.c.objc; path = SearchCell.m; sourceTree = "<group>"; };
		1E64B35F1E14AD980011E2FC /* WZXSearchBar.h */ = {isa = PBXFileReference; fileEncoding = 4; lastKnownFileType = sourcecode.c.h; path = WZXSearchBar.h; sourceTree = "<group>"; };
		1E64B3601E14AD980011E2FC /* WZXSearchBar.m */ = {isa = PBXFileReference; fileEncoding = 4; lastKnownFileType = sourcecode.c.objc; path = WZXSearchBar.m; sourceTree = "<group>"; };
		1E64B3641E14AD980011E2FC /* FoundViewController.h */ = {isa = PBXFileReference; fileEncoding = 4; lastKnownFileType = sourcecode.c.h; path = FoundViewController.h; sourceTree = "<group>"; };
		1E64B3651E14AD980011E2FC /* FoundViewController.m */ = {isa = PBXFileReference; fileEncoding = 4; lastKnownFileType = sourcecode.c.objc; path = FoundViewController.m; sourceTree = "<group>"; };
		1E64B36B1E14AD980011E2FC /* LoginViewController.h */ = {isa = PBXFileReference; fileEncoding = 4; lastKnownFileType = sourcecode.c.h; path = LoginViewController.h; sourceTree = "<group>"; };
		1E64B36C1E14AD980011E2FC /* LoginViewController.m */ = {isa = PBXFileReference; fileEncoding = 4; lastKnownFileType = sourcecode.c.objc; path = LoginViewController.m; sourceTree = "<group>"; };
		1E64B36D1E14AD980011E2FC /* RegisterViewController.h */ = {isa = PBXFileReference; fileEncoding = 4; lastKnownFileType = sourcecode.c.h; path = RegisterViewController.h; sourceTree = "<group>"; };
		1E64B36E1E14AD980011E2FC /* RegisterViewController.m */ = {isa = PBXFileReference; fileEncoding = 4; lastKnownFileType = sourcecode.c.objc; path = RegisterViewController.m; sourceTree = "<group>"; };
		1E64B36F1E14AD980011E2FC /* RootViewController.h */ = {isa = PBXFileReference; fileEncoding = 4; lastKnownFileType = sourcecode.c.h; path = RootViewController.h; sourceTree = "<group>"; };
		1E64B3701E14AD980011E2FC /* RootViewController.m */ = {isa = PBXFileReference; fileEncoding = 4; lastKnownFileType = sourcecode.c.objc; path = RootViewController.m; sourceTree = "<group>"; };
		1E64B3711E14AD980011E2FC /* TabBarController.h */ = {isa = PBXFileReference; fileEncoding = 4; lastKnownFileType = sourcecode.c.h; path = TabBarController.h; sourceTree = "<group>"; };
		1E64B3721E14AD980011E2FC /* TabBarController.m */ = {isa = PBXFileReference; fileEncoding = 4; lastKnownFileType = sourcecode.c.objc; path = TabBarController.m; sourceTree = "<group>"; };
		1E64B3751E14AD980011E2FC /* LoginContentView.h */ = {isa = PBXFileReference; fileEncoding = 4; lastKnownFileType = sourcecode.c.h; path = LoginContentView.h; sourceTree = "<group>"; };
		1E64B3761E14AD980011E2FC /* LoginContentView.m */ = {isa = PBXFileReference; fileEncoding = 4; lastKnownFileType = sourcecode.c.objc; path = LoginContentView.m; sourceTree = "<group>"; };
		1E64B3771E14AD980011E2FC /* RegisterContentView.h */ = {isa = PBXFileReference; fileEncoding = 4; lastKnownFileType = sourcecode.c.h; path = RegisterContentView.h; sourceTree = "<group>"; };
		1E64B3781E14AD980011E2FC /* RegisterContentView.m */ = {isa = PBXFileReference; fileEncoding = 4; lastKnownFileType = sourcecode.c.objc; path = RegisterContentView.m; sourceTree = "<group>"; };
		1E64B37C1E14AD980011E2FC /* SettingViewController.h */ = {isa = PBXFileReference; fileEncoding = 4; lastKnownFileType = sourcecode.c.h; path = SettingViewController.h; sourceTree = "<group>"; };
		1E64B37D1E14AD980011E2FC /* SettingViewController.m */ = {isa = PBXFileReference; fileEncoding = 4; lastKnownFileType = sourcecode.c.objc; path = SettingViewController.m; sourceTree = "<group>"; };
		1E64B3801E14AD980011E2FC /* MeCell.h */ = {isa = PBXFileReference; fileEncoding = 4; lastKnownFileType = sourcecode.c.h; path = MeCell.h; sourceTree = "<group>"; };
		1E64B3811E14AD980011E2FC /* MeCell.m */ = {isa = PBXFileReference; fileEncoding = 4; lastKnownFileType = sourcecode.c.objc; path = MeCell.m; sourceTree = "<group>"; };
		1E64B3921E14ADAE0011E2FC /* AddressBookModel.h */ = {isa = PBXFileReference; fileEncoding = 4; lastKnownFileType = sourcecode.c.h; path = AddressBookModel.h; sourceTree = "<group>"; };
		1E64B3931E14ADAE0011E2FC /* AddressBookModel.m */ = {isa = PBXFileReference; fileEncoding = 4; lastKnownFileType = sourcecode.c.objc; path = AddressBookModel.m; sourceTree = "<group>"; };
		1E64B3951E14B78E0011E2FC /* ConversationModel.h */ = {isa = PBXFileReference; fileEncoding = 4; lastKnownFileType = sourcecode.c.h; path = ConversationModel.h; sourceTree = "<group>"; };
		1E64B3961E14B78E0011E2FC /* ConversationModel.m */ = {isa = PBXFileReference; fileEncoding = 4; lastKnownFileType = sourcecode.c.objc; path = ConversationModel.m; sourceTree = "<group>"; };
		1E64B3981E14DB8E0011E2FC /* AddressCell.h */ = {isa = PBXFileReference; fileEncoding = 4; lastKnownFileType = sourcecode.c.h; path = AddressCell.h; sourceTree = "<group>"; };
		1E64B3991E14DB8E0011E2FC /* AddressCell.m */ = {isa = PBXFileReference; fileEncoding = 4; lastKnownFileType = sourcecode.c.objc; path = AddressCell.m; sourceTree = "<group>"; };
		1E64B39B1E14E0410011E2FC /* SearchViewController.h */ = {isa = PBXFileReference; fileEncoding = 4; lastKnownFileType = sourcecode.c.h; path = SearchViewController.h; sourceTree = "<group>"; };
		1E64B39C1E14E0410011E2FC /* SearchViewController.m */ = {isa = PBXFileReference; fileEncoding = 4; lastKnownFileType = sourcecode.c.objc; path = SearchViewController.m; sourceTree = "<group>"; };
		1E64B3A11E14FF4B0011E2FC /* ChatDetailViewController.h */ = {isa = PBXFileReference; fileEncoding = 4; lastKnownFileType = sourcecode.c.h; path = ChatDetailViewController.h; sourceTree = "<group>"; };
		1E64B3A21E14FF4B0011E2FC /* ChatDetailViewController.m */ = {isa = PBXFileReference; fileEncoding = 4; lastKnownFileType = sourcecode.c.objc; path = ChatDetailViewController.m; sourceTree = "<group>"; };
		1E64BB7C1E138C67004DE2B3 /* WWeChat.app */ = {isa = PBXFileReference; explicitFileType = wrapper.application; includeInIndex = 0; path = WWeChat.app; sourceTree = BUILT_PRODUCTS_DIR; };
		1E64BC191E13A73A004DE2B3 /* AppDelegate.h */ = {isa = PBXFileReference; fileEncoding = 4; lastKnownFileType = sourcecode.c.h; path = AppDelegate.h; sourceTree = "<group>"; };
		1E64BC1A1E13A73A004DE2B3 /* AppDelegate.m */ = {isa = PBXFileReference; fileEncoding = 4; lastKnownFileType = sourcecode.c.objc; path = AppDelegate.m; sourceTree = "<group>"; };
		1E64BC1C1E13A73A004DE2B3 /* BaseViewController.h */ = {isa = PBXFileReference; fileEncoding = 4; lastKnownFileType = sourcecode.c.h; path = BaseViewController.h; sourceTree = "<group>"; };
		1E64BC1D1E13A73A004DE2B3 /* BaseViewController.m */ = {isa = PBXFileReference; fileEncoding = 4; lastKnownFileType = sourcecode.c.objc; path = BaseViewController.m; sourceTree = "<group>"; };
		1E64BC221E13A73A004DE2B3 /* KeyChain.h */ = {isa = PBXFileReference; fileEncoding = 4; lastKnownFileType = sourcecode.c.h; path = KeyChain.h; sourceTree = "<group>"; };
		1E64BC231E13A73A004DE2B3 /* KeyChain.m */ = {isa = PBXFileReference; fileEncoding = 4; lastKnownFileType = sourcecode.c.objc; path = KeyChain.m; sourceTree = "<group>"; };
		1E64BC251E13A73A004DE2B3 /* WDMacro.h */ = {isa = PBXFileReference; fileEncoding = 4; lastKnownFileType = sourcecode.c.h; path = WDMacro.h; sourceTree = "<group>"; };
		1E64BC261E13A73A004DE2B3 /* WDUtilMethod.h */ = {isa = PBXFileReference; fileEncoding = 4; lastKnownFileType = sourcecode.c.h; path = WDUtilMethod.h; sourceTree = "<group>"; };
		1E64BC271E13A73A004DE2B3 /* WDUtilMethod.m */ = {isa = PBXFileReference; fileEncoding = 4; lastKnownFileType = sourcecode.c.objc; path = WDUtilMethod.m; sourceTree = "<group>"; };
		1E64BC531E13A73A004DE2B3 /* Assets.xcassets */ = {isa = PBXFileReference; lastKnownFileType = folder.assetcatalog; path = Assets.xcassets; sourceTree = "<group>"; };
		1E64BC551E13A73A004DE2B3 /* Base */ = {isa = PBXFileReference; lastKnownFileType = file.storyboard; name = Base; path = Base.lproj/LaunchScreen.storyboard; sourceTree = "<group>"; };
		1E64BC561E13A73A004DE2B3 /* Info.plist */ = {isa = PBXFileReference; fileEncoding = 4; lastKnownFileType = text.plist.xml; path = Info.plist; sourceTree = "<group>"; };
		1E64BC571E13A73A004DE2B3 /* main.m */ = {isa = PBXFileReference; fileEncoding = 4; lastKnownFileType = sourcecode.c.objc; path = main.m; sourceTree = "<group>"; };
		1E64BC581E13A73A004DE2B3 /* pchFile.pch */ = {isa = PBXFileReference; fileEncoding = 4; lastKnownFileType = sourcecode.c.h; path = pchFile.pch; sourceTree = "<group>"; };
		1E64BC5B1E13A73A004DE2B3 /* MASCompositeConstraint.h */ = {isa = PBXFileReference; fileEncoding = 4; lastKnownFileType = sourcecode.c.h; path = MASCompositeConstraint.h; sourceTree = "<group>"; };
		1E64BC5C1E13A73A004DE2B3 /* MASCompositeConstraint.m */ = {isa = PBXFileReference; fileEncoding = 4; lastKnownFileType = sourcecode.c.objc; path = MASCompositeConstraint.m; sourceTree = "<group>"; };
		1E64BC5D1E13A73A004DE2B3 /* MASConstraint+Private.h */ = {isa = PBXFileReference; fileEncoding = 4; lastKnownFileType = sourcecode.c.h; path = "MASConstraint+Private.h"; sourceTree = "<group>"; };
		1E64BC5E1E13A73A004DE2B3 /* MASConstraint.h */ = {isa = PBXFileReference; fileEncoding = 4; lastKnownFileType = sourcecode.c.h; path = MASConstraint.h; sourceTree = "<group>"; };
		1E64BC5F1E13A73A004DE2B3 /* MASConstraint.m */ = {isa = PBXFileReference; fileEncoding = 4; lastKnownFileType = sourcecode.c.objc; path = MASConstraint.m; sourceTree = "<group>"; };
		1E64BC601E13A73A004DE2B3 /* MASConstraintMaker.h */ = {isa = PBXFileReference; fileEncoding = 4; lastKnownFileType = sourcecode.c.h; path = MASConstraintMaker.h; sourceTree = "<group>"; };
		1E64BC611E13A73A004DE2B3 /* MASConstraintMaker.m */ = {isa = PBXFileReference; fileEncoding = 4; lastKnownFileType = sourcecode.c.objc; path = MASConstraintMaker.m; sourceTree = "<group>"; };
		1E64BC621E13A73A004DE2B3 /* MASLayoutConstraint.h */ = {isa = PBXFileReference; fileEncoding = 4; lastKnownFileType = sourcecode.c.h; path = MASLayoutConstraint.h; sourceTree = "<group>"; };
		1E64BC631E13A73A004DE2B3 /* MASLayoutConstraint.m */ = {isa = PBXFileReference; fileEncoding = 4; lastKnownFileType = sourcecode.c.objc; path = MASLayoutConstraint.m; sourceTree = "<group>"; };
		1E64BC641E13A73A004DE2B3 /* Masonry.h */ = {isa = PBXFileReference; fileEncoding = 4; lastKnownFileType = sourcecode.c.h; path = Masonry.h; sourceTree = "<group>"; };
		1E64BC651E13A73A004DE2B3 /* MASUtilities.h */ = {isa = PBXFileReference; fileEncoding = 4; lastKnownFileType = sourcecode.c.h; path = MASUtilities.h; sourceTree = "<group>"; };
		1E64BC661E13A73A004DE2B3 /* MASViewAttribute.h */ = {isa = PBXFileReference; fileEncoding = 4; lastKnownFileType = sourcecode.c.h; path = MASViewAttribute.h; sourceTree = "<group>"; };
		1E64BC671E13A73A004DE2B3 /* MASViewAttribute.m */ = {isa = PBXFileReference; fileEncoding = 4; lastKnownFileType = sourcecode.c.objc; path = MASViewAttribute.m; sourceTree = "<group>"; };
		1E64BC681E13A73A004DE2B3 /* MASViewConstraint.h */ = {isa = PBXFileReference; fileEncoding = 4; lastKnownFileType = sourcecode.c.h; path = MASViewConstraint.h; sourceTree = "<group>"; };
		1E64BC691E13A73A004DE2B3 /* MASViewConstraint.m */ = {isa = PBXFileReference; fileEncoding = 4; lastKnownFileType = sourcecode.c.objc; path = MASViewConstraint.m; sourceTree = "<group>"; };
		1E64BC6A1E13A73A004DE2B3 /* NSArray+MASAdditions.h */ = {isa = PBXFileReference; fileEncoding = 4; lastKnownFileType = sourcecode.c.h; path = "NSArray+MASAdditions.h"; sourceTree = "<group>"; };
		1E64BC6B1E13A73A004DE2B3 /* NSArray+MASAdditions.m */ = {isa = PBXFileReference; fileEncoding = 4; lastKnownFileType = sourcecode.c.objc; path = "NSArray+MASAdditions.m"; sourceTree = "<group>"; };
		1E64BC6C1E13A73A004DE2B3 /* NSArray+MASShorthandAdditions.h */ = {isa = PBXFileReference; fileEncoding = 4; lastKnownFileType = sourcecode.c.h; path = "NSArray+MASShorthandAdditions.h"; sourceTree = "<group>"; };
		1E64BC6D1E13A73A004DE2B3 /* NSLayoutConstraint+MASDebugAdditions.h */ = {isa = PBXFileReference; fileEncoding = 4; lastKnownFileType = sourcecode.c.h; path = "NSLayoutConstraint+MASDebugAdditions.h"; sourceTree = "<group>"; };
		1E64BC6E1E13A73A004DE2B3 /* NSLayoutConstraint+MASDebugAdditions.m */ = {isa = PBXFileReference; fileEncoding = 4; lastKnownFileType = sourcecode.c.objc; path = "NSLayoutConstraint+MASDebugAdditions.m"; sourceTree = "<group>"; };
		1E64BC6F1E13A73A004DE2B3 /* View+MASAdditions.h */ = {isa = PBXFileReference; fileEncoding = 4; lastKnownFileType = sourcecode.c.h; path = "View+MASAdditions.h"; sourceTree = "<group>"; };
		1E64BC701E13A73A004DE2B3 /* View+MASAdditions.m */ = {isa = PBXFileReference; fileEncoding = 4; lastKnownFileType = sourcecode.c.objc; path = "View+MASAdditions.m"; sourceTree = "<group>"; };
		1E64BC711E13A73A004DE2B3 /* View+MASShorthandAdditions.h */ = {isa = PBXFileReference; fileEncoding = 4; lastKnownFileType = sourcecode.c.h; path = "View+MASShorthandAdditions.h"; sourceTree = "<group>"; };
		1E64BC721E13A73A004DE2B3 /* ViewController+MASAdditions.h */ = {isa = PBXFileReference; fileEncoding = 4; lastKnownFileType = sourcecode.c.h; path = "ViewController+MASAdditions.h"; sourceTree = "<group>"; };
		1E64BC731E13A73A004DE2B3 /* ViewController+MASAdditions.m */ = {isa = PBXFileReference; fileEncoding = 4; lastKnownFileType = sourcecode.c.objc; path = "ViewController+MASAdditions.m"; sourceTree = "<group>"; };
		1E64BC911E13AC9B004DE2B3 /* ThridPartService.h */ = {isa = PBXFileReference; fileEncoding = 4; lastKnownFileType = sourcecode.c.h; path = ThridPartService.h; sourceTree = "<group>"; };
		1E64BC921E13AC9B004DE2B3 /* ThridPartService.m */ = {isa = PBXFileReference; fileEncoding = 4; lastKnownFileType = sourcecode.c.objc; path = ThridPartService.m; sourceTree = "<group>"; };
		1E64BC941E13ACD1004DE2B3 /* WZXConfig.h */ = {isa = PBXFileReference; lastKnownFileType = sourcecode.c.h; path = WZXConfig.h; sourceTree = "<group>"; };
		1E64BC981E13B2C9004DE2B3 /* UIView+Extension.h */ = {isa = PBXFileReference; fileEncoding = 4; lastKnownFileType = sourcecode.c.h; path = "UIView+Extension.h"; sourceTree = "<group>"; };
		1E64BC991E13B2C9004DE2B3 /* UIView+Extension.m */ = {isa = PBXFileReference; fileEncoding = 4; lastKnownFileType = sourcecode.c.objc; path = "UIView+Extension.m"; sourceTree = "<group>"; };
		1E64BC9C1E13B316004DE2B3 /* UIView+WZXLines.h */ = {isa = PBXFileReference; fileEncoding = 4; lastKnownFileType = sourcecode.c.h; path = "UIView+WZXLines.h"; sourceTree = "<group>"; };
		1E64BC9D1E13B316004DE2B3 /* UIView+WZXLines.m */ = {isa = PBXFileReference; fileEncoding = 4; lastKnownFileType = sourcecode.c.objc; path = "UIView+WZXLines.m"; sourceTree = "<group>"; };
		1E64BC9E1E13B316004DE2B3 /* WZXLines.h */ = {isa = PBXFileReference; fileEncoding = 4; lastKnownFileType = sourcecode.c.h; path = WZXLines.h; sourceTree = "<group>"; };
		1E64BCB01E13BF04004DE2B3 /* UIColor+Extension.h */ = {isa = PBXFileReference; fileEncoding = 4; lastKnownFileType = sourcecode.c.h; path = "UIColor+Extension.h"; sourceTree = "<group>"; };
		1E64BCB11E13BF04004DE2B3 /* UIColor+Extension.m */ = {isa = PBXFileReference; fileEncoding = 4; lastKnownFileType = sourcecode.c.objc; path = "UIColor+Extension.m"; sourceTree = "<group>"; };
		1EBEBC6E1E2CA07B009E3333 /* ChatBoxViewController.h */ = {isa = PBXFileReference; fileEncoding = 4; lastKnownFileType = sourcecode.c.h; path = ChatBoxViewController.h; sourceTree = "<group>"; };
		1EBEBC6F1E2CA07B009E3333 /* ChatBoxViewController.m */ = {isa = PBXFileReference; fileEncoding = 4; lastKnownFileType = sourcecode.c.objc; path = ChatBoxViewController.m; sourceTree = "<group>"; };
		1EBEBC711E2CA19B009E3333 /* ChatCell.h */ = {isa = PBXFileReference; fileEncoding = 4; lastKnownFileType = sourcecode.c.h; path = ChatCell.h; sourceTree = "<group>"; };
		1EBEBC721E2CA19B009E3333 /* ChatCell.m */ = {isa = PBXFileReference; fileEncoding = 4; lastKnownFileType = sourcecode.c.objc; path = ChatCell.m; sourceTree = "<group>"; };
		1EBEBC741E2CA1D2009E3333 /* MessageModel.h */ = {isa = PBXFileReference; fileEncoding = 4; lastKnownFileType = sourcecode.c.h; path = MessageModel.h; sourceTree = "<group>"; };
		1EBEBC751E2CA1D2009E3333 /* MessageModel.m */ = {isa = PBXFileReference; fileEncoding = 4; lastKnownFileType = sourcecode.c.objc; path = MessageModel.m; sourceTree = "<group>"; };
/* End PBXFileReference section */

/* Begin PBXFrameworksBuildPhase section */
		1E64BB791E138C67004DE2B3 /* Frameworks */ = {
			isa = PBXFrameworksBuildPhase;
			buildActionMask = 2147483647;
			files = (
			);
			runOnlyForDeploymentPostprocessing = 0;
		};
/* End PBXFrameworksBuildPhase section */

/* Begin PBXGroup section */
		1E64B34B1E14AD980011E2FC /* Sections */ = {
			isa = PBXGroup;
			children = (
				1E64B34C1E14AD980011E2FC /* Address */,
				1E64B3551E14AD980011E2FC /* Chat */,
				1E64B3621E14AD980011E2FC /* Found */,
				1E64B3691E14AD980011E2FC /* Root */,
				1E64B37A1E14AD980011E2FC /* Setting */,
			);
			path = Sections;
			sourceTree = "<group>";
		};
		1E64B34C1E14AD980011E2FC /* Address */ = {
			isa = PBXGroup;
			children = (
				1E64B34D1E14AD980011E2FC /* Control */,
				1E64B3501E14AD980011E2FC /* Model */,
				1E64B3511E14AD980011E2FC /* View */,
				1E64B3541E14AD980011E2FC /* ViewModel */,
			);
			path = Address;
			sourceTree = "<group>";
		};
		1E64B34D1E14AD980011E2FC /* Control */ = {
			isa = PBXGroup;
			children = (
				1E64B34E1E14AD980011E2FC /* AddressViewController.h */,
				1E64B34F1E14AD980011E2FC /* AddressViewController.m */,
			);
			path = Control;
			sourceTree = "<group>";
		};
		1E64B3501E14AD980011E2FC /* Model */ = {
			isa = PBXGroup;
			children = (
				1E64B3921E14ADAE0011E2FC /* AddressBookModel.h */,
				1E64B3931E14ADAE0011E2FC /* AddressBookModel.m */,
			);
			path = Model;
			sourceTree = "<group>";
		};
		1E64B3511E14AD980011E2FC /* View */ = {
			isa = PBXGroup;
			children = (
				1E64B3521E14AD980011E2FC /* AddressBookCell.h */,
				1E64B3531E14AD980011E2FC /* AddressBookCell.m */,
				1E64B3981E14DB8E0011E2FC /* AddressCell.h */,
				1E64B3991E14DB8E0011E2FC /* AddressCell.m */,
			);
			path = View;
			sourceTree = "<group>";
		};
		1E64B3541E14AD980011E2FC /* ViewModel */ = {
			isa = PBXGroup;
			children = (
			);
			path = ViewModel;
			sourceTree = "<group>";
		};
		1E64B3551E14AD980011E2FC /* Chat */ = {
			isa = PBXGroup;
			children = (
				1E64B3561E14AD980011E2FC /* Control */,
				1E64B3591E14AD980011E2FC /* Model */,
				1E64B35A1E14AD980011E2FC /* View */,
				1E64B3611E14AD980011E2FC /* ViewModel */,
			);
			path = Chat;
			sourceTree = "<group>";
		};
		1E64B3561E14AD980011E2FC /* Control */ = {
			isa = PBXGroup;
			children = (
				1E64B3571E14AD980011E2FC /* ChatViewController.h */,
				1E64B3581E14AD980011E2FC /* ChatViewController.m */,
				1E64B39B1E14E0410011E2FC /* SearchViewController.h */,
				1E64B39C1E14E0410011E2FC /* SearchViewController.m */,
				1E64B3A11E14FF4B0011E2FC /* ChatDetailViewController.h */,
				1E64B3A21E14FF4B0011E2FC /* ChatDetailViewController.m */,
				1EBEBC6E1E2CA07B009E3333 /* ChatBoxViewController.h */,
				1EBEBC6F1E2CA07B009E3333 /* ChatBoxViewController.m */,
			);
			path = Control;
			sourceTree = "<group>";
		};
		1E64B3591E14AD980011E2FC /* Model */ = {
			isa = PBXGroup;
			children = (
				1E64B3951E14B78E0011E2FC /* ConversationModel.h */,
				1E64B3961E14B78E0011E2FC /* ConversationModel.m */,
				1EBEBC741E2CA1D2009E3333 /* MessageModel.h */,
				1EBEBC751E2CA1D2009E3333 /* MessageModel.m */,
			);
			path = Model;
			sourceTree = "<group>";
		};
		1E64B35A1E14AD980011E2FC /* View */ = {
			isa = PBXGroup;
			children = (
				1E64B35B1E14AD980011E2FC /* ConversationCell.h */,
				1E64B35C1E14AD980011E2FC /* ConversationCell.m */,
				1E64B35D1E14AD980011E2FC /* SearchCell.h */,
				1E64B35E1E14AD980011E2FC /* SearchCell.m */,
				1E64B35F1E14AD980011E2FC /* WZXSearchBar.h */,
				1E64B3601E14AD980011E2FC /* WZXSearchBar.m */,
				1EBEBC711E2CA19B009E3333 /* ChatCell.h */,
				1EBEBC721E2CA19B009E3333 /* ChatCell.m */,
			);
			path = View;
			sourceTree = "<group>";
		};
		1E64B3611E14AD980011E2FC /* ViewModel */ = {
			isa = PBXGroup;
			children = (
			);
			path = ViewModel;
			sourceTree = "<group>";
		};
		1E64B3621E14AD980011E2FC /* Found */ = {
			isa = PBXGroup;
			children = (
				1E64B3631E14AD980011E2FC /* Control */,
				1E64B3661E14AD980011E2FC /* Model */,
				1E64B3671E14AD980011E2FC /* View */,
				1E64B3681E14AD980011E2FC /* ViewModel */,
			);
			path = Found;
			sourceTree = "<group>";
		};
		1E64B3631E14AD980011E2FC /* Control */ = {
			isa = PBXGroup;
			children = (
				1E64B3641E14AD980011E2FC /* FoundViewController.h */,
				1E64B3651E14AD980011E2FC /* FoundViewController.m */,
			);
			path = Control;
			sourceTree = "<group>";
		};
		1E64B3661E14AD980011E2FC /* Model */ = {
			isa = PBXGroup;
			children = (
			);
			path = Model;
			sourceTree = "<group>";
		};
		1E64B3671E14AD980011E2FC /* View */ = {
			isa = PBXGroup;
			children = (
			);
			path = View;
			sourceTree = "<group>";
		};
		1E64B3681E14AD980011E2FC /* ViewModel */ = {
			isa = PBXGroup;
			children = (
			);
			path = ViewModel;
			sourceTree = "<group>";
		};
		1E64B3691E14AD980011E2FC /* Root */ = {
			isa = PBXGroup;
			children = (
				1E64B36A1E14AD980011E2FC /* Control */,
				1E64B3731E14AD980011E2FC /* Model */,
				1E64B3741E14AD980011E2FC /* View */,
				1E64B3791E14AD980011E2FC /* ViewModel */,
			);
			path = Root;
			sourceTree = "<group>";
		};
		1E64B36A1E14AD980011E2FC /* Control */ = {
			isa = PBXGroup;
			children = (
				1E64B36B1E14AD980011E2FC /* LoginViewController.h */,
				1E64B36C1E14AD980011E2FC /* LoginViewController.m */,
				1E64B36D1E14AD980011E2FC /* RegisterViewController.h */,
				1E64B36E1E14AD980011E2FC /* RegisterViewController.m */,
				1E64B36F1E14AD980011E2FC /* RootViewController.h */,
				1E64B3701E14AD980011E2FC /* RootViewController.m */,
				1E64B3711E14AD980011E2FC /* TabBarController.h */,
				1E64B3721E14AD980011E2FC /* TabBarController.m */,
			);
			path = Control;
			sourceTree = "<group>";
		};
		1E64B3731E14AD980011E2FC /* Model */ = {
			isa = PBXGroup;
			children = (
			);
			path = Model;
			sourceTree = "<group>";
		};
		1E64B3741E14AD980011E2FC /* View */ = {
			isa = PBXGroup;
			children = (
				1E64B3751E14AD980011E2FC /* LoginContentView.h */,
				1E64B3761E14AD980011E2FC /* LoginContentView.m */,
				1E64B3771E14AD980011E2FC /* RegisterContentView.h */,
				1E64B3781E14AD980011E2FC /* RegisterContentView.m */,
			);
			path = View;
			sourceTree = "<group>";
		};
		1E64B3791E14AD980011E2FC /* ViewModel */ = {
			isa = PBXGroup;
			children = (
			);
			path = ViewModel;
			sourceTree = "<group>";
		};
		1E64B37A1E14AD980011E2FC /* Setting */ = {
			isa = PBXGroup;
			children = (
				1E64B37B1E14AD980011E2FC /* Control */,
				1E64B37E1E14AD980011E2FC /* Model */,
				1E64B37F1E14AD980011E2FC /* View */,
				1E64B3821E14AD980011E2FC /* ViewModel */,
			);
			path = Setting;
			sourceTree = "<group>";
		};
		1E64B37B1E14AD980011E2FC /* Control */ = {
			isa = PBXGroup;
			children = (
				1E64B37C1E14AD980011E2FC /* SettingViewController.h */,
				1E64B37D1E14AD980011E2FC /* SettingViewController.m */,
			);
			path = Control;
			sourceTree = "<group>";
		};
		1E64B37E1E14AD980011E2FC /* Model */ = {
			isa = PBXGroup;
			children = (
			);
			path = Model;
			sourceTree = "<group>";
		};
		1E64B37F1E14AD980011E2FC /* View */ = {
			isa = PBXGroup;
			children = (
				1E64B3801E14AD980011E2FC /* MeCell.h */,
				1E64B3811E14AD980011E2FC /* MeCell.m */,
			);
			path = View;
			sourceTree = "<group>";
		};
		1E64B3821E14AD980011E2FC /* ViewModel */ = {
			isa = PBXGroup;
			children = (
			);
			path = ViewModel;
			sourceTree = "<group>";
		};
		1E64BB731E138C67004DE2B3 = {
			isa = PBXGroup;
			children = (
				1E64BC171E13A73A004DE2B3 /* WWeChat */,
				1E64BB7D1E138C67004DE2B3 /* Products */,
			);
			sourceTree = "<group>";
		};
		1E64BB7D1E138C67004DE2B3 /* Products */ = {
			isa = PBXGroup;
			children = (
				1E64BB7C1E138C67004DE2B3 /* WWeChat.app */,
			);
			name = Products;
			sourceTree = "<group>";
		};
		1E64BC171E13A73A004DE2B3 /* WWeChat */ = {
			isa = PBXGroup;
			children = (
				1E64BC181E13A73A004DE2B3 /* AppDelegate */,
				1E64BC1B1E13A73A004DE2B3 /* Base */,
				1E64BC1E1E13A73A004DE2B3 /* Category */,
				1E64B34B1E14AD980011E2FC /* Sections */,
				1E64BC1F1E13A73A004DE2B3 /* Constants */,
				1E64BC201E13A73A004DE2B3 /* Functions */,
				1E64BC241E13A73A004DE2B3 /* Macros */,
				1E64BC591E13A73A004DE2B3 /* Vendors */,
				1E64BC521E13A73A004DE2B3 /* Support File */,
			);
			path = WWeChat;
			sourceTree = "<group>";
		};
		1E64BC181E13A73A004DE2B3 /* AppDelegate */ = {
			isa = PBXGroup;
			children = (
				1E64BC191E13A73A004DE2B3 /* AppDelegate.h */,
				1E64BC1A1E13A73A004DE2B3 /* AppDelegate.m */,
				1E64BC911E13AC9B004DE2B3 /* ThridPartService.h */,
				1E64BC921E13AC9B004DE2B3 /* ThridPartService.m */,
			);
			path = AppDelegate;
			sourceTree = "<group>";
		};
		1E64BC1B1E13A73A004DE2B3 /* Base */ = {
			isa = PBXGroup;
			children = (
				1E64BC1C1E13A73A004DE2B3 /* BaseViewController.h */,
				1E64BC1D1E13A73A004DE2B3 /* BaseViewController.m */,
			);
			path = Base;
			sourceTree = "<group>";
		};
		1E64BC1E1E13A73A004DE2B3 /* Category */ = {
			isa = PBXGroup;
			children = (
				1E64BCAF1E13BED6004DE2B3 /* UIColor */,
				1E64BC971E13B2C2004DE2B3 /* UIView */,
			);
			path = Category;
			sourceTree = "<group>";
		};
		1E64BC1F1E13A73A004DE2B3 /* Constants */ = {
			isa = PBXGroup;
			children = (
			);
			path = Constants;
			sourceTree = "<group>";
		};
		1E64BC201E13A73A004DE2B3 /* Functions */ = {
			isa = PBXGroup;
			children = (
				1E64BC211E13A73A004DE2B3 /* KeyChain */,
			);
			path = Functions;
			sourceTree = "<group>";
		};
		1E64BC211E13A73A004DE2B3 /* KeyChain */ = {
			isa = PBXGroup;
			children = (
				1E64BC221E13A73A004DE2B3 /* KeyChain.h */,
				1E64BC231E13A73A004DE2B3 /* KeyChain.m */,
			);
			path = KeyChain;
			sourceTree = "<group>";
		};
		1E64BC241E13A73A004DE2B3 /* Macros */ = {
			isa = PBXGroup;
			children = (
				1E64BC941E13ACD1004DE2B3 /* WZXConfig.h */,
				1E64BC251E13A73A004DE2B3 /* WDMacro.h */,
				1E64BC261E13A73A004DE2B3 /* WDUtilMethod.h */,
				1E64BC271E13A73A004DE2B3 /* WDUtilMethod.m */,
			);
			path = Macros;
			sourceTree = "<group>";
		};
		1E64BC521E13A73A004DE2B3 /* Support File */ = {
			isa = PBXGroup;
			children = (
				1E64BC531E13A73A004DE2B3 /* Assets.xcassets */,
				1E64BC541E13A73A004DE2B3 /* LaunchScreen.storyboard */,
				1E64BC561E13A73A004DE2B3 /* Info.plist */,
				1E64BC571E13A73A004DE2B3 /* main.m */,
				1E64BC581E13A73A004DE2B3 /* pchFile.pch */,
			);
			path = "Support File";
			sourceTree = "<group>";
		};
		1E64BC591E13A73A004DE2B3 /* Vendors */ = {
			isa = PBXGroup;
			children = (
				1E64BC9B1E13B316004DE2B3 /* WZXLines */,
				1E64BC5A1E13A73A004DE2B3 /* Masonry */,
			);
			path = Vendors;
			sourceTree = "<group>";
		};
		1E64BC5A1E13A73A004DE2B3 /* Masonry */ = {
			isa = PBXGroup;
			children = (
				1E64BC5B1E13A73A004DE2B3 /* MASCompositeConstraint.h */,
				1E64BC5C1E13A73A004DE2B3 /* MASCompositeConstraint.m */,
				1E64BC5D1E13A73A004DE2B3 /* MASConstraint+Private.h */,
				1E64BC5E1E13A73A004DE2B3 /* MASConstraint.h */,
				1E64BC5F1E13A73A004DE2B3 /* MASConstraint.m */,
				1E64BC601E13A73A004DE2B3 /* MASConstraintMaker.h */,
				1E64BC611E13A73A004DE2B3 /* MASConstraintMaker.m */,
				1E64BC621E13A73A004DE2B3 /* MASLayoutConstraint.h */,
				1E64BC631E13A73A004DE2B3 /* MASLayoutConstraint.m */,
				1E64BC641E13A73A004DE2B3 /* Masonry.h */,
				1E64BC651E13A73A004DE2B3 /* MASUtilities.h */,
				1E64BC661E13A73A004DE2B3 /* MASViewAttribute.h */,
				1E64BC671E13A73A004DE2B3 /* MASViewAttribute.m */,
				1E64BC681E13A73A004DE2B3 /* MASViewConstraint.h */,
				1E64BC691E13A73A004DE2B3 /* MASViewConstraint.m */,
				1E64BC6A1E13A73A004DE2B3 /* NSArray+MASAdditions.h */,
				1E64BC6B1E13A73A004DE2B3 /* NSArray+MASAdditions.m */,
				1E64BC6C1E13A73A004DE2B3 /* NSArray+MASShorthandAdditions.h */,
				1E64BC6D1E13A73A004DE2B3 /* NSLayoutConstraint+MASDebugAdditions.h */,
				1E64BC6E1E13A73A004DE2B3 /* NSLayoutConstraint+MASDebugAdditions.m */,
				1E64BC6F1E13A73A004DE2B3 /* View+MASAdditions.h */,
				1E64BC701E13A73A004DE2B3 /* View+MASAdditions.m */,
				1E64BC711E13A73A004DE2B3 /* View+MASShorthandAdditions.h */,
				1E64BC721E13A73A004DE2B3 /* ViewController+MASAdditions.h */,
				1E64BC731E13A73A004DE2B3 /* ViewController+MASAdditions.m */,
			);
			path = Masonry;
			sourceTree = "<group>";
		};
		1E64BC971E13B2C2004DE2B3 /* UIView */ = {
			isa = PBXGroup;
			children = (
				1E64BC981E13B2C9004DE2B3 /* UIView+Extension.h */,
				1E64BC991E13B2C9004DE2B3 /* UIView+Extension.m */,
			);
			path = UIView;
			sourceTree = "<group>";
		};
		1E64BC9B1E13B316004DE2B3 /* WZXLines */ = {
			isa = PBXGroup;
			children = (
				1E64BC9C1E13B316004DE2B3 /* UIView+WZXLines.h */,
				1E64BC9D1E13B316004DE2B3 /* UIView+WZXLines.m */,
				1E64BC9E1E13B316004DE2B3 /* WZXLines.h */,
			);
			path = WZXLines;
			sourceTree = "<group>";
		};
		1E64BCAF1E13BED6004DE2B3 /* UIColor */ = {
			isa = PBXGroup;
			children = (
				1E64BCB01E13BF04004DE2B3 /* UIColor+Extension.h */,
				1E64BCB11E13BF04004DE2B3 /* UIColor+Extension.m */,
			);
			path = UIColor;
			sourceTree = "<group>";
		};
/* End PBXGroup section */

/* Begin PBXNativeTarget section */
		1E64BB7B1E138C67004DE2B3 /* WWeChat */ = {
			isa = PBXNativeTarget;
			buildConfigurationList = 1E64BB931E138C67004DE2B3 /* Build configuration list for PBXNativeTarget "WWeChat" */;
			buildPhases = (
				1E64BB781E138C67004DE2B3 /* Sources */,
				1E64BB791E138C67004DE2B3 /* Frameworks */,
				1E64BB7A1E138C67004DE2B3 /* Resources */,
			);
			buildRules = (
			);
			dependencies = (
			);
			name = WWeChat;
			productName = WWeChat;
			productReference = 1E64BB7C1E138C67004DE2B3 /* WWeChat.app */;
			productType = "com.apple.product-type.application";
		};
/* End PBXNativeTarget section */

/* Begin PBXProject section */
		1E64BB741E138C67004DE2B3 /* Project object */ = {
			isa = PBXProject;
			attributes = {
				LastUpgradeCheck = 0820;
				ORGANIZATIONNAME = wzxjiang;
				TargetAttributes = {
					1E64BB7B1E138C67004DE2B3 = {
						CreatedOnToolsVersion = 8.0;
						DevelopmentTeam = 475L2MZD72;
						ProvisioningStyle = Automatic;
					};
				};
			};
			buildConfigurationList = 1E64BB771E138C67004DE2B3 /* Build configuration list for PBXProject "WWeChat" */;
			compatibilityVersion = "Xcode 3.2";
			developmentRegion = English;
			hasScannedForEncodings = 0;
			knownRegions = (
				en,
				Base,
			);
			mainGroup = 1E64BB731E138C67004DE2B3;
			productRefGroup = 1E64BB7D1E138C67004DE2B3 /* Products */;
			projectDirPath = "";
			projectRoot = "";
			targets = (
				1E64BB7B1E138C67004DE2B3 /* WWeChat */,
			);
		};
/* End PBXProject section */

/* Begin PBXResourcesBuildPhase section */
		1E64BB7A1E138C67004DE2B3 /* Resources */ = {
			isa = PBXResourcesBuildPhase;
			buildActionMask = 2147483647;
			files = (
				1E64BC801E13A73A004DE2B3 /* Assets.xcassets in Resources */,
				1E64BC811E13A73A004DE2B3 /* LaunchScreen.storyboard in Resources */,
			);
			runOnlyForDeploymentPostprocessing = 0;
		};
/* End PBXResourcesBuildPhase section */

/* Begin PBXSourcesBuildPhase section */
		1E64BB781E138C67004DE2B3 /* Sources */ = {
			isa = PBXSourcesBuildPhase;
			buildActionMask = 2147483647;
			files = (
				1E64B3861E14AD980011E2FC /* ConversationCell.m in Sources */,
				1EBEBC761E2CA1D2009E3333 /* MessageModel.m in Sources */,
				1E64BC831E13A73A004DE2B3 /* main.m in Sources */,
				1E64BC761E13A73A004DE2B3 /* KeyChain.m in Sources */,
				1E64BCB21E13BF04004DE2B3 /* UIColor+Extension.m in Sources */,
				1E64BC931E13AC9B004DE2B3 /* ThridPartService.m in Sources */,
				1E64B38A1E14AD980011E2FC /* LoginViewController.m in Sources */,
				1E64B39D1E14E0410011E2FC /* SearchViewController.m in Sources */,
				1E64B3851E14AD980011E2FC /* ChatViewController.m in Sources */,
				1E64B38E1E14AD980011E2FC /* LoginContentView.m in Sources */,
				1E64B3881E14AD980011E2FC /* WZXSearchBar.m in Sources */,
				1E64B3911E14AD980011E2FC /* MeCell.m in Sources */,
				1E64BC8B1E13A73A004DE2B3 /* NSLayoutConstraint+MASDebugAdditions.m in Sources */,
				1E64BC891E13A73A004DE2B3 /* MASViewConstraint.m in Sources */,
				1E64B38F1E14AD980011E2FC /* RegisterContentView.m in Sources */,
				1EBEBC731E2CA19B009E3333 /* ChatCell.m in Sources */,
				1E64B3891E14AD980011E2FC /* FoundViewController.m in Sources */,
				1E64B3941E14ADAE0011E2FC /* AddressBookModel.m in Sources */,
				1E64B38B1E14AD980011E2FC /* RegisterViewController.m in Sources */,
				1EBEBC701E2CA07B009E3333 /* ChatBoxViewController.m in Sources */,
				1E64BC741E13A73A004DE2B3 /* AppDelegate.m in Sources */,
				1E64B3831E14AD980011E2FC /* AddressViewController.m in Sources */,
				1E64BC8C1E13A73A004DE2B3 /* View+MASAdditions.m in Sources */,
				1E64BC881E13A73A004DE2B3 /* MASViewAttribute.m in Sources */,
				1E64BC861E13A73A004DE2B3 /* MASConstraintMaker.m in Sources */,
				1E64B3A31E14FF4B0011E2FC /* ChatDetailViewController.m in Sources */,
				1E64BC8D1E13A73A004DE2B3 /* ViewController+MASAdditions.m in Sources */,
				1E64B3901E14AD980011E2FC /* SettingViewController.m in Sources */,
				1E64B3841E14AD980011E2FC /* AddressBookCell.m in Sources */,
				1E64BC8A1E13A73A004DE2B3 /* NSArray+MASAdditions.m in Sources */,
				1E64BC751E13A73A004DE2B3 /* BaseViewController.m in Sources */,
				1E64B38C1E14AD980011E2FC /* RootViewController.m in Sources */,
				1E64BC871E13A73A004DE2B3 /* MASLayoutConstraint.m in Sources */,
				1E64BC841E13A73A004DE2B3 /* MASCompositeConstraint.m in Sources */,
				1E64BC771E13A73A004DE2B3 /* WDUtilMethod.m in Sources */,
				1E64BC9A1E13B2C9004DE2B3 /* UIView+Extension.m in Sources */,
				1E64B3871E14AD980011E2FC /* SearchCell.m in Sources */,
				1E64B39A1E14DB8E0011E2FC /* AddressCell.m in Sources */,
				1E64B38D1E14AD980011E2FC /* TabBarController.m in Sources */,
				1E64BC9F1E13B316004DE2B3 /* UIView+WZXLines.m in Sources */,
				1E64B3971E14B78E0011E2FC /* ConversationModel.m in Sources */,
				1E64BC851E13A73A004DE2B3 /* MASConstraint.m in Sources */,
			);
			runOnlyForDeploymentPostprocessing = 0;
		};
/* End PBXSourcesBuildPhase section */

/* Begin PBXVariantGroup section */
		1E64BC541E13A73A004DE2B3 /* LaunchScreen.storyboard */ = {
			isa = PBXVariantGroup;
			children = (
				1E64BC551E13A73A004DE2B3 /* Base */,
			);
			name = LaunchScreen.storyboard;
			sourceTree = "<group>";
		};
/* End PBXVariantGroup section */

/* Begin XCBuildConfiguration section */
		1E64BB911E138C67004DE2B3 /* Debug */ = {
			isa = XCBuildConfiguration;
			buildSettings = {
				ALWAYS_SEARCH_USER_PATHS = NO;
				CLANG_ANALYZER_NONNULL = YES;
				CLANG_CXX_LANGUAGE_STANDARD = "gnu++0x";
				CLANG_CXX_LIBRARY = "libc++";
				CLANG_ENABLE_MODULES = YES;
				CLANG_ENABLE_OBJC_ARC = YES;
				CLANG_WARN_BOOL_CONVERSION = YES;
				CLANG_WARN_CONSTANT_CONVERSION = YES;
				CLANG_WARN_DIRECT_OBJC_ISA_USAGE = YES_ERROR;
				CLANG_WARN_DOCUMENTATION_COMMENTS = YES;
				CLANG_WARN_EMPTY_BODY = YES;
				CLANG_WARN_ENUM_CONVERSION = YES;
				CLANG_WARN_INFINITE_RECURSION = YES;
				CLANG_WARN_INT_CONVERSION = YES;
				CLANG_WARN_OBJC_ROOT_CLASS = YES_ERROR;
				CLANG_WARN_SUSPICIOUS_MOVE = YES;
				CLANG_WARN_SUSPICIOUS_MOVES = YES;
				CLANG_WARN_UNREACHABLE_CODE = YES;
				CLANG_WARN__DUPLICATE_METHOD_MATCH = YES;
				"CODE_SIGN_IDENTITY[sdk=iphoneos*]" = "iPhone Developer";
				COPY_PHASE_STRIP = NO;
				DEBUG_INFORMATION_FORMAT = dwarf;
				ENABLE_STRICT_OBJC_MSGSEND = YES;
				ENABLE_TESTABILITY = YES;
				GCC_C_LANGUAGE_STANDARD = gnu99;
				GCC_DYNAMIC_NO_PIC = NO;
				GCC_NO_COMMON_BLOCKS = YES;
				GCC_OPTIMIZATION_LEVEL = 0;
				GCC_PREPROCESSOR_DEFINITIONS = (
					"DEBUG=1",
					"$(inherited)",
				);
				GCC_WARN_64_TO_32_BIT_CONVERSION = YES;
				GCC_WARN_ABOUT_RETURN_TYPE = YES_ERROR;
				GCC_WARN_UNDECLARED_SELECTOR = YES;
				GCC_WARN_UNINITIALIZED_AUTOS = YES_AGGRESSIVE;
				GCC_WARN_UNUSED_FUNCTION = YES;
				GCC_WARN_UNUSED_VARIABLE = YES;
				IPHONEOS_DEPLOYMENT_TARGET = 10.0;
				MTL_ENABLE_DEBUG_INFO = YES;
				ONLY_ACTIVE_ARCH = YES;
				SDKROOT = iphoneos;
			};
			name = Debug;
		};
		1E64BB921E138C67004DE2B3 /* Release */ = {
			isa = XCBuildConfiguration;
			buildSettings = {
				ALWAYS_SEARCH_USER_PATHS = NO;
				CLANG_ANALYZER_NONNULL = YES;
				CLANG_CXX_LANGUAGE_STANDARD = "gnu++0x";
				CLANG_CXX_LIBRARY = "libc++";
				CLANG_ENABLE_MODULES = YES;
				CLANG_ENABLE_OBJC_ARC = YES;
				CLANG_WARN_BOOL_CONVERSION = YES;
				CLANG_WARN_CONSTANT_CONVERSION = YES;
				CLANG_WARN_DIRECT_OBJC_ISA_USAGE = YES_ERROR;
				CLANG_WARN_DOCUMENTATION_COMMENTS = YES;
				CLANG_WARN_EMPTY_BODY = YES;
				CLANG_WARN_ENUM_CONVERSION = YES;
				CLANG_WARN_INFINITE_RECURSION = YES;
				CLANG_WARN_INT_CONVERSION = YES;
				CLANG_WARN_OBJC_ROOT_CLASS = YES_ERROR;
				CLANG_WARN_SUSPICIOUS_MOVE = YES;
				CLANG_WARN_SUSPICIOUS_MOVES = YES;
				CLANG_WARN_UNREACHABLE_CODE = YES;
				CLANG_WARN__DUPLICATE_METHOD_MATCH = YES;
				"CODE_SIGN_IDENTITY[sdk=iphoneos*]" = "iPhone Developer";
				COPY_PHASE_STRIP = NO;
				DEBUG_INFORMATION_FORMAT = "dwarf-with-dsym";
				ENABLE_NS_ASSERTIONS = NO;
				ENABLE_STRICT_OBJC_MSGSEND = YES;
				GCC_C_LANGUAGE_STANDARD = gnu99;
				GCC_NO_COMMON_BLOCKS = YES;
				GCC_WARN_64_TO_32_BIT_CONVERSION = YES;
				GCC_WARN_ABOUT_RETURN_TYPE = YES_ERROR;
				GCC_WARN_UNDECLARED_SELECTOR = YES;
				GCC_WARN_UNINITIALIZED_AUTOS = YES_AGGRESSIVE;
				GCC_WARN_UNUSED_FUNCTION = YES;
				GCC_WARN_UNUSED_VARIABLE = YES;
				IPHONEOS_DEPLOYMENT_TARGET = 10.0;
				MTL_ENABLE_DEBUG_INFO = NO;
				SDKROOT = iphoneos;
				VALIDATE_PRODUCT = YES;
			};
			name = Release;
		};
		1E64BB941E138C67004DE2B3 /* Debug */ = {
			isa = XCBuildConfiguration;
			buildSettings = {
				ASSETCATALOG_COMPILER_APPICON_NAME = AppIcon;
				ASSETCATALOG_COMPILER_LAUNCHIMAGE_NAME = LaunchImage;
				DEVELOPMENT_TEAM = 475L2MZD72;
				GCC_PREFIX_HEADER = "$(SRCROOT)/WWeChat/Support File/pchFile.pch";
				INFOPLIST_FILE = "$(SRCROOT)/WWeChat/Support File/Info.plist";
				IPHONEOS_DEPLOYMENT_TARGET = 8.0;
				LD_RUNPATH_SEARCH_PATHS = "$(inherited) @executable_path/Frameworks";
				PRODUCT_BUNDLE_IDENTIFIER = com.wzxjiang.WWeChat;
				PRODUCT_NAME = "$(TARGET_NAME)";
			};
			name = Debug;
		};
		1E64BB951E138C67004DE2B3 /* Release */ = {
			isa = XCBuildConfiguration;
			buildSettings = {
				ASSETCATALOG_COMPILER_APPICON_NAME = AppIcon;
				ASSETCATALOG_COMPILER_LAUNCHIMAGE_NAME = LaunchImage;
				DEVELOPMENT_TEAM = 475L2MZD72;
				GCC_PREFIX_HEADER = "$(SRCROOT)/WWeChat/Support File/pchFile.pch";
				INFOPLIST_FILE = "$(SRCROOT)/WWeChat/Support File/Info.plist";
				IPHONEOS_DEPLOYMENT_TARGET = 8.0;
				LD_RUNPATH_SEARCH_PATHS = "$(inherited) @executable_path/Frameworks";
				PRODUCT_BUNDLE_IDENTIFIER = com.wzxjiang.WWeChat;
				PRODUCT_NAME = "$(TARGET_NAME)";
			};
			name = Release;
		};
/* End XCBuildConfiguration section */

/* Begin XCConfigurationList section */
		1E64BB771E138C67004DE2B3 /* Build configuration list for PBXProject "WWeChat" */ = {
			isa = XCConfigurationList;
			buildConfigurations = (
				1E64BB911E138C67004DE2B3 /* Debug */,
				1E64BB921E138C67004DE2B3 /* Release */,
			);
			defaultConfigurationIsVisible = 0;
			defaultConfigurationName = Release;
		};
		1E64BB931E138C67004DE2B3 /* Build configuration list for PBXNativeTarget "WWeChat" */ = {
			isa = XCConfigurationList;
			buildConfigurations = (
				1E64BB941E138C67004DE2B3 /* Debug */,
				1E64BB951E138C67004DE2B3 /* Release */,
			);
			defaultConfigurationIsVisible = 0;
			defaultConfigurationName = Release;
		};
/* End XCConfigurationList section */
	};
	rootObject = 1E64BB741E138C67004DE2B3 /* Project object */;
}
